// !$*UTF8*$!
{
	archiveVersion = 1;
	classes = {
	};
	objectVersion = 50;
	objects = {

/* Begin PBXBuildFile section */
		20ED6D034C5B0B8ED4A7F267 /* Pods_BarberVip.framework in Frameworks */ = {isa = PBXBuildFile; fileRef = C42FEC5017D2D9EE905CE413 /* Pods_BarberVip.framework */; };
		520C66A628A850270016F167 /* UITextField+Extensions.swift in Sources */ = {isa = PBXBuildFile; fileRef = 520C66A528A850270016F167 /* UITextField+Extensions.swift */; };
		520C66A828A857A90016F167 /* CustomSubmitButton.swift in Sources */ = {isa = PBXBuildFile; fileRef = 520C66A728A857A80016F167 /* CustomSubmitButton.swift */; };
		520C66AA28A862A20016F167 /* CustomTextField.swift in Sources */ = {isa = PBXBuildFile; fileRef = 520C66A928A862A20016F167 /* CustomTextField.swift */; };
		522D901C289A00C40085575A /* LoginCoordinator.swift in Sources */ = {isa = PBXBuildFile; fileRef = 522D901B289A00C40085575A /* LoginCoordinator.swift */; };
		522D9020289A00E00085575A /* LoginView.swift in Sources */ = {isa = PBXBuildFile; fileRef = 522D901E289A00DF0085575A /* LoginView.swift */; };
		522D9021289A00E00085575A /* LoginViewController.swift in Sources */ = {isa = PBXBuildFile; fileRef = 522D901F289A00DF0085575A /* LoginViewController.swift */; };
		5816D84E6CAF15D54506780F /* Pods_BarberVipTests.framework in Frameworks */ = {isa = PBXBuildFile; fileRef = C160E37F4A49EE00E9AFA54C /* Pods_BarberVipTests.framework */; };
		9D7E2966D254E13C0E29F975 /* Pods_BarberVip_BarberVipUITests.framework in Frameworks */ = {isa = PBXBuildFile; fileRef = 74FE020DC4C9F882AF712F5D /* Pods_BarberVip_BarberVipUITests.framework */; };
		C0319C2127BEE83500CFCEE0 /* ReportView.swift in Sources */ = {isa = PBXBuildFile; fileRef = C0319C2027BEE83500CFCEE0 /* ReportView.swift */; };
		C0319C2627BEEC4600CFCEE0 /* ReportViewController.swift in Sources */ = {isa = PBXBuildFile; fileRef = C0319C2527BEEC4600CFCEE0 /* ReportViewController.swift */; };
		C0319C2B27BEEC7000CFCEE0 /* ReportCoordinator.swift in Sources */ = {isa = PBXBuildFile; fileRef = C0319C2A27BEEC7000CFCEE0 /* ReportCoordinator.swift */; };
		C0319C3327BF226300CFCEE0 /* ReportDailyViewController.swift in Sources */ = {isa = PBXBuildFile; fileRef = C0319C3227BF226300CFCEE0 /* ReportDailyViewController.swift */; };
		C0319C3827BF229600CFCEE0 /* ReportDailyCoordinator.swift in Sources */ = {isa = PBXBuildFile; fileRef = C0319C3727BF229600CFCEE0 /* ReportDailyCoordinator.swift */; };
		C0319C4327BF3B2100CFCEE0 /* ScrollToTopButton.swift in Sources */ = {isa = PBXBuildFile; fileRef = C0319C4227BF3B2100CFCEE0 /* ScrollToTopButton.swift */; };
		C09BB5C027B7EB6100C91F48 /* BarberNavBar.swift in Sources */ = {isa = PBXBuildFile; fileRef = C09BB5BF27B7EB6100C91F48 /* BarberNavBar.swift */; };
		C09BB5C527B81AD300C91F48 /* ServiceBarberTableViewCell.swift in Sources */ = {isa = PBXBuildFile; fileRef = C09BB5C427B81AD300C91F48 /* ServiceBarberTableViewCell.swift */; };
		C0A7411127B1953000391CE6 /* AppDelegate.swift in Sources */ = {isa = PBXBuildFile; fileRef = C0A7411027B1953000391CE6 /* AppDelegate.swift */; };
		C0A7411327B1953000391CE6 /* SceneDelegate.swift in Sources */ = {isa = PBXBuildFile; fileRef = C0A7411227B1953000391CE6 /* SceneDelegate.swift */; };
		C0A7411A27B1953300391CE6 /* Assets.xcassets in Resources */ = {isa = PBXBuildFile; fileRef = C0A7411927B1953300391CE6 /* Assets.xcassets */; };
		C0A7411D27B1953300391CE6 /* LaunchScreen.storyboard in Resources */ = {isa = PBXBuildFile; fileRef = C0A7411B27B1953300391CE6 /* LaunchScreen.storyboard */; };
		C0A7412827B1953400391CE6 /* BarberVipTests.swift in Sources */ = {isa = PBXBuildFile; fileRef = C0A7412727B1953400391CE6 /* BarberVipTests.swift */; };
		C0A7413327B1953400391CE6 /* BarberVipUITests.swift in Sources */ = {isa = PBXBuildFile; fileRef = C0A7413227B1953400391CE6 /* BarberVipUITests.swift */; };
		C0A7416327B197DE00391CE6 /* BaseCoordinator.swift in Sources */ = {isa = PBXBuildFile; fileRef = C0A7416227B197DE00391CE6 /* BaseCoordinator.swift */; };
		C0A7416B27B1980300391CE6 /* Coordinator.swift in Sources */ = {isa = PBXBuildFile; fileRef = C0A7416A27B1980300391CE6 /* Coordinator.swift */; };
		C0A7417027B1981E00391CE6 /* CoordinatorConfiguration.swift in Sources */ = {isa = PBXBuildFile; fileRef = C0A7416F27B1981E00391CE6 /* CoordinatorConfiguration.swift */; };
		C0A7417527B1984100391CE6 /* CoordinatedViewController.swift in Sources */ = {isa = PBXBuildFile; fileRef = C0A7417427B1984100391CE6 /* CoordinatedViewController.swift */; };
		C0A7418427B1989900391CE6 /* HomeViewController.swift in Sources */ = {isa = PBXBuildFile; fileRef = C0A7418327B1989900391CE6 /* HomeViewController.swift */; };
		C0A7418927B198D900391CE6 /* HomeCoordinator.swift in Sources */ = {isa = PBXBuildFile; fileRef = C0A7418827B198D900391CE6 /* HomeCoordinator.swift */; };
		C0A7418F27B199B500391CE6 /* Bindable.swift in Sources */ = {isa = PBXBuildFile; fileRef = C0A7418E27B199B500391CE6 /* Bindable.swift */; };
		C0A7419827B19C9F00391CE6 /* HomeView.swift in Sources */ = {isa = PBXBuildFile; fileRef = C0A7419727B19C9F00391CE6 /* HomeView.swift */; };
		C0A741A127B19CD700391CE6 /* ViewCodeContract.swift in Sources */ = {isa = PBXBuildFile; fileRef = C0A741A027B19CD700391CE6 /* ViewCodeContract.swift */; };
		C0A741A727B1A4FE00391CE6 /* ActionTypealias.swift in Sources */ = {isa = PBXBuildFile; fileRef = C0A741A627B1A4FE00391CE6 /* ActionTypealias.swift */; };
		C0A741BF27B1A8A800391CE6 /* UIView+LayoutGuides.swift in Sources */ = {isa = PBXBuildFile; fileRef = C0A741BE27B1A8A800391CE6 /* UIView+LayoutGuides.swift */; };
		C0A741C727B1A8C600391CE6 /* UIView+RawAnchors.swift in Sources */ = {isa = PBXBuildFile; fileRef = C0A741C627B1A8C600391CE6 /* UIView+RawAnchors.swift */; };
		C0A741CC27B1A8E400391CE6 /* UIView+SafeAreaAnchors.swift in Sources */ = {isa = PBXBuildFile; fileRef = C0A741CB27B1A8E400391CE6 /* UIView+SafeAreaAnchors.swift */; };
		C0A741D127B1A90500391CE6 /* UIView+AxisAttribute.swift in Sources */ = {isa = PBXBuildFile; fileRef = C0A741D027B1A90500391CE6 /* UIView+AxisAttribute.swift */; };
		C0A741D627B1A92500391CE6 /* AutoLayoutOption.swift in Sources */ = {isa = PBXBuildFile; fileRef = C0A741D527B1A92500391CE6 /* AutoLayoutOption.swift */; };
		C0A741DB27B1A93E00391CE6 /* NSLayoutDimension+Extension.swift in Sources */ = {isa = PBXBuildFile; fileRef = C0A741DA27B1A93E00391CE6 /* NSLayoutDimension+Extension.swift */; };
		C0A741E027B1A95700391CE6 /* Padding.swift in Sources */ = {isa = PBXBuildFile; fileRef = C0A741DF27B1A95700391CE6 /* Padding.swift */; };
		C0BCE57127B6EA49005805A6 /* UIColor+Extensions.swift in Sources */ = {isa = PBXBuildFile; fileRef = C0BCE57027B6EA49005805A6 /* UIColor+Extensions.swift */; };
		C0BCE58127B72EF5005805A6 /* UIView+Extensions.swift in Sources */ = {isa = PBXBuildFile; fileRef = C0BCE58027B72EF5005805A6 /* UIView+Extensions.swift */; };
		C0BCE58727B731C2005805A6 /* IconButton.swift in Sources */ = {isa = PBXBuildFile; fileRef = C0BCE58627B731C2005805A6 /* IconButton.swift */; };
		C0BCE58F27B747E2005805A6 /* Icon.swift in Sources */ = {isa = PBXBuildFile; fileRef = C0BCE58E27B747E2005805A6 /* Icon.swift */; };
/* End PBXBuildFile section */

/* Begin PBXContainerItemProxy section */
		C0A7412427B1953300391CE6 /* PBXContainerItemProxy */ = {
			isa = PBXContainerItemProxy;
			containerPortal = C0A7410527B1953000391CE6 /* Project object */;
			proxyType = 1;
			remoteGlobalIDString = C0A7410C27B1953000391CE6;
			remoteInfo = BarberVip;
		};
		C0A7412F27B1953400391CE6 /* PBXContainerItemProxy */ = {
			isa = PBXContainerItemProxy;
			containerPortal = C0A7410527B1953000391CE6 /* Project object */;
			proxyType = 1;
			remoteGlobalIDString = C0A7410C27B1953000391CE6;
			remoteInfo = BarberVip;
		};
/* End PBXContainerItemProxy section */

/* Begin PBXFileReference section */
		114D0EC1AB5EEE04CE7BCA8C /* Pods-BarberVip-BarberVipUITests.debug.xcconfig */ = {isa = PBXFileReference; includeInIndex = 1; lastKnownFileType = text.xcconfig; name = "Pods-BarberVip-BarberVipUITests.debug.xcconfig"; path = "Target Support Files/Pods-BarberVip-BarberVipUITests/Pods-BarberVip-BarberVipUITests.debug.xcconfig"; sourceTree = "<group>"; };
		520C66A528A850270016F167 /* UITextField+Extensions.swift */ = {isa = PBXFileReference; lastKnownFileType = sourcecode.swift; path = "UITextField+Extensions.swift"; sourceTree = "<group>"; };
		520C66A728A857A80016F167 /* CustomSubmitButton.swift */ = {isa = PBXFileReference; lastKnownFileType = sourcecode.swift; path = CustomSubmitButton.swift; sourceTree = "<group>"; };
		520C66A928A862A20016F167 /* CustomTextField.swift */ = {isa = PBXFileReference; lastKnownFileType = sourcecode.swift; path = CustomTextField.swift; sourceTree = "<group>"; };
		522D901B289A00C40085575A /* LoginCoordinator.swift */ = {isa = PBXFileReference; fileEncoding = 4; lastKnownFileType = sourcecode.swift; path = LoginCoordinator.swift; sourceTree = "<group>"; };
		522D901E289A00DF0085575A /* LoginView.swift */ = {isa = PBXFileReference; fileEncoding = 4; lastKnownFileType = sourcecode.swift; path = LoginView.swift; sourceTree = "<group>"; };
		522D901F289A00DF0085575A /* LoginViewController.swift */ = {isa = PBXFileReference; fileEncoding = 4; lastKnownFileType = sourcecode.swift; path = LoginViewController.swift; sourceTree = "<group>"; };
		74FE020DC4C9F882AF712F5D /* Pods_BarberVip_BarberVipUITests.framework */ = {isa = PBXFileReference; explicitFileType = wrapper.framework; includeInIndex = 0; path = Pods_BarberVip_BarberVipUITests.framework; sourceTree = BUILT_PRODUCTS_DIR; };
		BFBDFE8555763F7AEF72B9BE /* Pods-BarberVip.debug.xcconfig */ = {isa = PBXFileReference; includeInIndex = 1; lastKnownFileType = text.xcconfig; name = "Pods-BarberVip.debug.xcconfig"; path = "Target Support Files/Pods-BarberVip/Pods-BarberVip.debug.xcconfig"; sourceTree = "<group>"; };
		C0319C2027BEE83500CFCEE0 /* ReportView.swift */ = {isa = PBXFileReference; lastKnownFileType = sourcecode.swift; path = ReportView.swift; sourceTree = "<group>"; };
		C0319C2527BEEC4600CFCEE0 /* ReportViewController.swift */ = {isa = PBXFileReference; lastKnownFileType = sourcecode.swift; path = ReportViewController.swift; sourceTree = "<group>"; };
		C0319C2A27BEEC7000CFCEE0 /* ReportCoordinator.swift */ = {isa = PBXFileReference; lastKnownFileType = sourcecode.swift; path = ReportCoordinator.swift; sourceTree = "<group>"; };
		C0319C3227BF226300CFCEE0 /* ReportDailyViewController.swift */ = {isa = PBXFileReference; lastKnownFileType = sourcecode.swift; path = ReportDailyViewController.swift; sourceTree = "<group>"; };
		C0319C3727BF229600CFCEE0 /* ReportDailyCoordinator.swift */ = {isa = PBXFileReference; lastKnownFileType = sourcecode.swift; path = ReportDailyCoordinator.swift; sourceTree = "<group>"; };
		C0319C4227BF3B2100CFCEE0 /* ScrollToTopButton.swift */ = {isa = PBXFileReference; lastKnownFileType = sourcecode.swift; path = ScrollToTopButton.swift; sourceTree = "<group>"; };
		C09BB5BF27B7EB6100C91F48 /* BarberNavBar.swift */ = {isa = PBXFileReference; lastKnownFileType = sourcecode.swift; path = BarberNavBar.swift; sourceTree = "<group>"; };
		C09BB5C427B81AD300C91F48 /* ServiceBarberTableViewCell.swift */ = {isa = PBXFileReference; lastKnownFileType = sourcecode.swift; path = ServiceBarberTableViewCell.swift; sourceTree = "<group>"; };
		C0A7410D27B1953000391CE6 /* BarberVip.app */ = {isa = PBXFileReference; explicitFileType = wrapper.application; includeInIndex = 0; path = BarberVip.app; sourceTree = BUILT_PRODUCTS_DIR; };
		C0A7411027B1953000391CE6 /* AppDelegate.swift */ = {isa = PBXFileReference; lastKnownFileType = sourcecode.swift; path = AppDelegate.swift; sourceTree = "<group>"; };
		C0A7411227B1953000391CE6 /* SceneDelegate.swift */ = {isa = PBXFileReference; lastKnownFileType = sourcecode.swift; path = SceneDelegate.swift; sourceTree = "<group>"; };
		C0A7411927B1953300391CE6 /* Assets.xcassets */ = {isa = PBXFileReference; lastKnownFileType = folder.assetcatalog; path = Assets.xcassets; sourceTree = "<group>"; };
		C0A7411C27B1953300391CE6 /* Base */ = {isa = PBXFileReference; lastKnownFileType = file.storyboard; name = Base; path = Base.lproj/LaunchScreen.storyboard; sourceTree = "<group>"; };
		C0A7411E27B1953300391CE6 /* Info.plist */ = {isa = PBXFileReference; lastKnownFileType = text.plist.xml; path = Info.plist; sourceTree = "<group>"; };
		C0A7412327B1953300391CE6 /* BarberVipTests.xctest */ = {isa = PBXFileReference; explicitFileType = wrapper.cfbundle; includeInIndex = 0; path = BarberVipTests.xctest; sourceTree = BUILT_PRODUCTS_DIR; };
		C0A7412727B1953400391CE6 /* BarberVipTests.swift */ = {isa = PBXFileReference; lastKnownFileType = sourcecode.swift; path = BarberVipTests.swift; sourceTree = "<group>"; };
		C0A7412927B1953400391CE6 /* Info.plist */ = {isa = PBXFileReference; lastKnownFileType = text.plist.xml; path = Info.plist; sourceTree = "<group>"; };
		C0A7412E27B1953400391CE6 /* BarberVipUITests.xctest */ = {isa = PBXFileReference; explicitFileType = wrapper.cfbundle; includeInIndex = 0; path = BarberVipUITests.xctest; sourceTree = BUILT_PRODUCTS_DIR; };
		C0A7413227B1953400391CE6 /* BarberVipUITests.swift */ = {isa = PBXFileReference; lastKnownFileType = sourcecode.swift; path = BarberVipUITests.swift; sourceTree = "<group>"; };
		C0A7413427B1953400391CE6 /* Info.plist */ = {isa = PBXFileReference; lastKnownFileType = text.plist.xml; path = Info.plist; sourceTree = "<group>"; };
		C0A7416227B197DE00391CE6 /* BaseCoordinator.swift */ = {isa = PBXFileReference; lastKnownFileType = sourcecode.swift; path = BaseCoordinator.swift; sourceTree = "<group>"; };
		C0A7416A27B1980300391CE6 /* Coordinator.swift */ = {isa = PBXFileReference; lastKnownFileType = sourcecode.swift; path = Coordinator.swift; sourceTree = "<group>"; };
		C0A7416F27B1981E00391CE6 /* CoordinatorConfiguration.swift */ = {isa = PBXFileReference; lastKnownFileType = sourcecode.swift; path = CoordinatorConfiguration.swift; sourceTree = "<group>"; };
		C0A7417427B1984100391CE6 /* CoordinatedViewController.swift */ = {isa = PBXFileReference; lastKnownFileType = sourcecode.swift; path = CoordinatedViewController.swift; sourceTree = "<group>"; };
		C0A7418327B1989900391CE6 /* HomeViewController.swift */ = {isa = PBXFileReference; lastKnownFileType = sourcecode.swift; path = HomeViewController.swift; sourceTree = "<group>"; };
		C0A7418827B198D900391CE6 /* HomeCoordinator.swift */ = {isa = PBXFileReference; lastKnownFileType = sourcecode.swift; path = HomeCoordinator.swift; sourceTree = "<group>"; };
		C0A7418E27B199B500391CE6 /* Bindable.swift */ = {isa = PBXFileReference; lastKnownFileType = sourcecode.swift; path = Bindable.swift; sourceTree = "<group>"; };
		C0A7419727B19C9F00391CE6 /* HomeView.swift */ = {isa = PBXFileReference; lastKnownFileType = sourcecode.swift; path = HomeView.swift; sourceTree = "<group>"; };
		C0A741A027B19CD700391CE6 /* ViewCodeContract.swift */ = {isa = PBXFileReference; lastKnownFileType = sourcecode.swift; path = ViewCodeContract.swift; sourceTree = "<group>"; };
		C0A741A627B1A4FE00391CE6 /* ActionTypealias.swift */ = {isa = PBXFileReference; lastKnownFileType = sourcecode.swift; path = ActionTypealias.swift; sourceTree = "<group>"; };
		C0A741BE27B1A8A800391CE6 /* UIView+LayoutGuides.swift */ = {isa = PBXFileReference; lastKnownFileType = sourcecode.swift; path = "UIView+LayoutGuides.swift"; sourceTree = "<group>"; };
		C0A741C627B1A8C600391CE6 /* UIView+RawAnchors.swift */ = {isa = PBXFileReference; lastKnownFileType = sourcecode.swift; path = "UIView+RawAnchors.swift"; sourceTree = "<group>"; };
		C0A741CB27B1A8E400391CE6 /* UIView+SafeAreaAnchors.swift */ = {isa = PBXFileReference; lastKnownFileType = sourcecode.swift; path = "UIView+SafeAreaAnchors.swift"; sourceTree = "<group>"; };
		C0A741D027B1A90500391CE6 /* UIView+AxisAttribute.swift */ = {isa = PBXFileReference; lastKnownFileType = sourcecode.swift; path = "UIView+AxisAttribute.swift"; sourceTree = "<group>"; };
		C0A741D527B1A92500391CE6 /* AutoLayoutOption.swift */ = {isa = PBXFileReference; lastKnownFileType = sourcecode.swift; path = AutoLayoutOption.swift; sourceTree = "<group>"; };
		C0A741DA27B1A93E00391CE6 /* NSLayoutDimension+Extension.swift */ = {isa = PBXFileReference; lastKnownFileType = sourcecode.swift; path = "NSLayoutDimension+Extension.swift"; sourceTree = "<group>"; };
		C0A741DF27B1A95700391CE6 /* Padding.swift */ = {isa = PBXFileReference; lastKnownFileType = sourcecode.swift; path = Padding.swift; sourceTree = "<group>"; };
		C0BCE57027B6EA49005805A6 /* UIColor+Extensions.swift */ = {isa = PBXFileReference; lastKnownFileType = sourcecode.swift; path = "UIColor+Extensions.swift"; sourceTree = "<group>"; };
		C0BCE58027B72EF5005805A6 /* UIView+Extensions.swift */ = {isa = PBXFileReference; lastKnownFileType = sourcecode.swift; path = "UIView+Extensions.swift"; sourceTree = "<group>"; };
		C0BCE58627B731C2005805A6 /* IconButton.swift */ = {isa = PBXFileReference; lastKnownFileType = sourcecode.swift; path = IconButton.swift; sourceTree = "<group>"; };
		C0BCE58E27B747E2005805A6 /* Icon.swift */ = {isa = PBXFileReference; lastKnownFileType = sourcecode.swift; path = Icon.swift; sourceTree = "<group>"; };
		C160E37F4A49EE00E9AFA54C /* Pods_BarberVipTests.framework */ = {isa = PBXFileReference; explicitFileType = wrapper.framework; includeInIndex = 0; path = Pods_BarberVipTests.framework; sourceTree = BUILT_PRODUCTS_DIR; };
		C42FEC5017D2D9EE905CE413 /* Pods_BarberVip.framework */ = {isa = PBXFileReference; explicitFileType = wrapper.framework; includeInIndex = 0; path = Pods_BarberVip.framework; sourceTree = BUILT_PRODUCTS_DIR; };
		DC47428406BE70C901F989E8 /* Pods-BarberVip.release.xcconfig */ = {isa = PBXFileReference; includeInIndex = 1; lastKnownFileType = text.xcconfig; name = "Pods-BarberVip.release.xcconfig"; path = "Target Support Files/Pods-BarberVip/Pods-BarberVip.release.xcconfig"; sourceTree = "<group>"; };
		E60179A7D313D54E7AC3CC8C /* Pods-BarberVipTests.release.xcconfig */ = {isa = PBXFileReference; includeInIndex = 1; lastKnownFileType = text.xcconfig; name = "Pods-BarberVipTests.release.xcconfig"; path = "Target Support Files/Pods-BarberVipTests/Pods-BarberVipTests.release.xcconfig"; sourceTree = "<group>"; };
		F05890684EE76FDB98729E18 /* Pods-BarberVipTests.debug.xcconfig */ = {isa = PBXFileReference; includeInIndex = 1; lastKnownFileType = text.xcconfig; name = "Pods-BarberVipTests.debug.xcconfig"; path = "Target Support Files/Pods-BarberVipTests/Pods-BarberVipTests.debug.xcconfig"; sourceTree = "<group>"; };
		FCF12B4CFC6E23D786CAA542 /* Pods-BarberVip-BarberVipUITests.release.xcconfig */ = {isa = PBXFileReference; includeInIndex = 1; lastKnownFileType = text.xcconfig; name = "Pods-BarberVip-BarberVipUITests.release.xcconfig"; path = "Target Support Files/Pods-BarberVip-BarberVipUITests/Pods-BarberVip-BarberVipUITests.release.xcconfig"; sourceTree = "<group>"; };
/* End PBXFileReference section */

/* Begin PBXFrameworksBuildPhase section */
		C0A7410A27B1953000391CE6 /* Frameworks */ = {
			isa = PBXFrameworksBuildPhase;
			buildActionMask = 2147483647;
			files = (
				20ED6D034C5B0B8ED4A7F267 /* Pods_BarberVip.framework in Frameworks */,
			);
			runOnlyForDeploymentPostprocessing = 0;
		};
		C0A7412027B1953300391CE6 /* Frameworks */ = {
			isa = PBXFrameworksBuildPhase;
			buildActionMask = 2147483647;
			files = (
				5816D84E6CAF15D54506780F /* Pods_BarberVipTests.framework in Frameworks */,
			);
			runOnlyForDeploymentPostprocessing = 0;
		};
		C0A7412B27B1953400391CE6 /* Frameworks */ = {
			isa = PBXFrameworksBuildPhase;
			buildActionMask = 2147483647;
			files = (
				9D7E2966D254E13C0E29F975 /* Pods_BarberVip_BarberVipUITests.framework in Frameworks */,
			);
			runOnlyForDeploymentPostprocessing = 0;
		};
/* End PBXFrameworksBuildPhase section */

/* Begin PBXGroup section */
		3A35A252472B7D91FF4B006E /* Pods */ = {
			isa = PBXGroup;
			children = (
				BFBDFE8555763F7AEF72B9BE /* Pods-BarberVip.debug.xcconfig */,
				DC47428406BE70C901F989E8 /* Pods-BarberVip.release.xcconfig */,
				114D0EC1AB5EEE04CE7BCA8C /* Pods-BarberVip-BarberVipUITests.debug.xcconfig */,
				FCF12B4CFC6E23D786CAA542 /* Pods-BarberVip-BarberVipUITests.release.xcconfig */,
				F05890684EE76FDB98729E18 /* Pods-BarberVipTests.debug.xcconfig */,
				E60179A7D313D54E7AC3CC8C /* Pods-BarberVipTests.release.xcconfig */,
			);
			path = Pods;
			sourceTree = "<group>";
		};
		522D901D289A00DF0085575A /* Login */ = {
			isa = PBXGroup;
			children = (
				522D901E289A00DF0085575A /* LoginView.swift */,
				522D901F289A00DF0085575A /* LoginViewController.swift */,
			);
			path = Login;
			sourceTree = "<group>";
		};
		A2032500883B9A47E09BE803 /* Frameworks */ = {
			isa = PBXGroup;
			children = (
				C42FEC5017D2D9EE905CE413 /* Pods_BarberVip.framework */,
				74FE020DC4C9F882AF712F5D /* Pods_BarberVip_BarberVipUITests.framework */,
				C160E37F4A49EE00E9AFA54C /* Pods_BarberVipTests.framework */,
			);
			name = Frameworks;
			sourceTree = "<group>";
		};
		C0319C1F27BEE81E00CFCEE0 /* Report */ = {
			isa = PBXGroup;
			children = (
				C0319C2027BEE83500CFCEE0 /* ReportView.swift */,
				C0319C2527BEEC4600CFCEE0 /* ReportViewController.swift */,
				C0319C3227BF226300CFCEE0 /* ReportDailyViewController.swift */,
			);
			path = Report;
			sourceTree = "<group>";
		};
		C0A7410427B1953000391CE6 = {
			isa = PBXGroup;
			children = (
				C0A7410F27B1953000391CE6 /* BarberVip */,
				C0A7412627B1953400391CE6 /* BarberVipTests */,
				C0A7413127B1953400391CE6 /* BarberVipUITests */,
				C0A7410E27B1953000391CE6 /* Products */,
				3A35A252472B7D91FF4B006E /* Pods */,
				A2032500883B9A47E09BE803 /* Frameworks */,
			);
			sourceTree = "<group>";
		};
		C0A7410E27B1953000391CE6 /* Products */ = {
			isa = PBXGroup;
			children = (
				C0A7410D27B1953000391CE6 /* BarberVip.app */,
				C0A7412327B1953300391CE6 /* BarberVipTests.xctest */,
				C0A7412E27B1953400391CE6 /* BarberVipUITests.xctest */,
			);
			name = Products;
			sourceTree = "<group>";
		};
		C0A7410F27B1953000391CE6 /* BarberVip */ = {
			isa = PBXGroup;
			children = (
				C0A7411E27B1953300391CE6 /* Info.plist */,
				C0A7414527B1956B00391CE6 /* Infrastructure */,
				C0A7414427B1955F00391CE6 /* Resources */,
				C0A7414327B1955200391CE6 /* Sources */,
			);
			path = BarberVip;
			sourceTree = "<group>";
		};
		C0A7412627B1953400391CE6 /* BarberVipTests */ = {
			isa = PBXGroup;
			children = (
				C0A7412727B1953400391CE6 /* BarberVipTests.swift */,
				C0A7412927B1953400391CE6 /* Info.plist */,
			);
			path = BarberVipTests;
			sourceTree = "<group>";
		};
		C0A7413127B1953400391CE6 /* BarberVipUITests */ = {
			isa = PBXGroup;
			children = (
				C0A7413227B1953400391CE6 /* BarberVipUITests.swift */,
				C0A7413427B1953400391CE6 /* Info.plist */,
			);
			path = BarberVipUITests;
			sourceTree = "<group>";
		};
		C0A7414327B1955200391CE6 /* Sources */ = {
			isa = PBXGroup;
			children = (
				C0A7414D27B195AE00391CE6 /* Model */,
				C0A7414C27B195A700391CE6 /* View */,
				C0A7414B27B1959D00391CE6 /* ViewModel */,
				C0A7414A27B1959200391CE6 /* Coordinator */,
			);
			path = Sources;
			sourceTree = "<group>";
		};
		C0A7414427B1955F00391CE6 /* Resources */ = {
			isa = PBXGroup;
			children = (
				C0BCE59327B747E9005805A6 /* Enums */,
				C0BCE58527B731A3005805A6 /* UIComponents */,
				C0BCE56F27B6EA34005805A6 /* Extensions */,
				C0A741A527B1A4EB00391CE6 /* Helpers */,
				C0A7419C27B19CAD00391CE6 /* Protocols */,
				C0A7418D27B1999100391CE6 /* Bindable */,
				C0A7416127B197B200391CE6 /* Coordinator */,
			);
			path = Resources;
			sourceTree = "<group>";
		};
		C0A7414527B1956B00391CE6 /* Infrastructure */ = {
			isa = PBXGroup;
			children = (
				C0A7414627B1957600391CE6 /* Application */,
			);
			path = Infrastructure;
			sourceTree = "<group>";
		};
		C0A7414627B1957600391CE6 /* Application */ = {
			isa = PBXGroup;
			children = (
				C0A7411927B1953300391CE6 /* Assets.xcassets */,
				C0A7411027B1953000391CE6 /* AppDelegate.swift */,
				C0A7411227B1953000391CE6 /* SceneDelegate.swift */,
				C0A7411B27B1953300391CE6 /* LaunchScreen.storyboard */,
			);
			path = Application;
			sourceTree = "<group>";
		};
		C0A7414A27B1959200391CE6 /* Coordinator */ = {
			isa = PBXGroup;
			children = (
				522D901B289A00C40085575A /* LoginCoordinator.swift */,
				C0A7418827B198D900391CE6 /* HomeCoordinator.swift */,
				C0319C2A27BEEC7000CFCEE0 /* ReportCoordinator.swift */,
				C0319C3727BF229600CFCEE0 /* ReportDailyCoordinator.swift */,
			);
			path = Coordinator;
			sourceTree = "<group>";
		};
		C0A7414B27B1959D00391CE6 /* ViewModel */ = {
			isa = PBXGroup;
			children = (
			);
			path = ViewModel;
			sourceTree = "<group>";
		};
		C0A7414C27B195A700391CE6 /* View */ = {
			isa = PBXGroup;
			children = (
				522D901D289A00DF0085575A /* Login */,
				C0319C1F27BEE81E00CFCEE0 /* Report */,
				C0A7419627B19C8E00391CE6 /* Home */,
			);
			path = View;
			sourceTree = "<group>";
		};
		C0A7414D27B195AE00391CE6 /* Model */ = {
			isa = PBXGroup;
			children = (
			);
			path = Model;
			sourceTree = "<group>";
		};
		C0A7416127B197B200391CE6 /* Coordinator */ = {
			isa = PBXGroup;
			children = (
				C0A7416227B197DE00391CE6 /* BaseCoordinator.swift */,
				C0A7416A27B1980300391CE6 /* Coordinator.swift */,
				C0A7416F27B1981E00391CE6 /* CoordinatorConfiguration.swift */,
				C0A7417427B1984100391CE6 /* CoordinatedViewController.swift */,
			);
			path = Coordinator;
			sourceTree = "<group>";
		};
		C0A7418D27B1999100391CE6 /* Bindable */ = {
			isa = PBXGroup;
			children = (
				C0A7418E27B199B500391CE6 /* Bindable.swift */,
			);
			path = Bindable;
			sourceTree = "<group>";
		};
		C0A7419627B19C8E00391CE6 /* Home */ = {
			isa = PBXGroup;
			children = (
				C0A7418327B1989900391CE6 /* HomeViewController.swift */,
				C0A7419727B19C9F00391CE6 /* HomeView.swift */,
				C09BB5C427B81AD300C91F48 /* ServiceBarberTableViewCell.swift */,
			);
			path = Home;
			sourceTree = "<group>";
		};
		C0A7419C27B19CAD00391CE6 /* Protocols */ = {
			isa = PBXGroup;
			children = (
				C0A741A027B19CD700391CE6 /* ViewCodeContract.swift */,
			);
			path = Protocols;
			sourceTree = "<group>";
		};
		C0A741A527B1A4EB00391CE6 /* Helpers */ = {
			isa = PBXGroup;
			children = (
				C0A741A627B1A4FE00391CE6 /* ActionTypealias.swift */,
				C0A741BE27B1A8A800391CE6 /* UIView+LayoutGuides.swift */,
				C0A741C627B1A8C600391CE6 /* UIView+RawAnchors.swift */,
				C0A741CB27B1A8E400391CE6 /* UIView+SafeAreaAnchors.swift */,
				C0A741D027B1A90500391CE6 /* UIView+AxisAttribute.swift */,
				C0A741D527B1A92500391CE6 /* AutoLayoutOption.swift */,
				C0A741DA27B1A93E00391CE6 /* NSLayoutDimension+Extension.swift */,
				C0A741DF27B1A95700391CE6 /* Padding.swift */,
			);
			path = Helpers;
			sourceTree = "<group>";
		};
		C0BCE56F27B6EA34005805A6 /* Extensions */ = {
			isa = PBXGroup;
			children = (
				C0BCE57027B6EA49005805A6 /* UIColor+Extensions.swift */,
				C0BCE58027B72EF5005805A6 /* UIView+Extensions.swift */,
				520C66A528A850270016F167 /* UITextField+Extensions.swift */,
			);
			path = Extensions;
			sourceTree = "<group>";
		};
		C0BCE58527B731A3005805A6 /* UIComponents */ = {
			isa = PBXGroup;
			children = (
				C0BCE58627B731C2005805A6 /* IconButton.swift */,
				C09BB5BF27B7EB6100C91F48 /* BarberNavBar.swift */,
				C0319C4227BF3B2100CFCEE0 /* ScrollToTopButton.swift */,
				520C66A728A857A80016F167 /* CustomSubmitButton.swift */,
				520C66A928A862A20016F167 /* CustomTextField.swift */,
			);
			path = UIComponents;
			sourceTree = "<group>";
		};
		C0BCE59327B747E9005805A6 /* Enums */ = {
			isa = PBXGroup;
			children = (
				C0BCE58E27B747E2005805A6 /* Icon.swift */,
			);
			path = Enums;
			sourceTree = "<group>";
		};
/* End PBXGroup section */

/* Begin PBXNativeTarget section */
		C0A7410C27B1953000391CE6 /* BarberVip */ = {
			isa = PBXNativeTarget;
			buildConfigurationList = C0A7413727B1953400391CE6 /* Build configuration list for PBXNativeTarget "BarberVip" */;
			buildPhases = (
				8CBF0AFD8E8553975D9DDF12 /* [CP] Check Pods Manifest.lock */,
				C0A7410927B1953000391CE6 /* Sources */,
				C0A7410A27B1953000391CE6 /* Frameworks */,
				C0A7410B27B1953000391CE6 /* Resources */,
			);
			buildRules = (
			);
			dependencies = (
			);
			name = BarberVip;
			productName = BarberVip;
			productReference = C0A7410D27B1953000391CE6 /* BarberVip.app */;
			productType = "com.apple.product-type.application";
		};
		C0A7412227B1953300391CE6 /* BarberVipTests */ = {
			isa = PBXNativeTarget;
			buildConfigurationList = C0A7413A27B1953400391CE6 /* Build configuration list for PBXNativeTarget "BarberVipTests" */;
			buildPhases = (
				F2F726688BF9CA052A84B9DE /* [CP] Check Pods Manifest.lock */,
				C0A7411F27B1953300391CE6 /* Sources */,
				C0A7412027B1953300391CE6 /* Frameworks */,
				C0A7412127B1953300391CE6 /* Resources */,
			);
			buildRules = (
			);
			dependencies = (
				C0A7412527B1953300391CE6 /* PBXTargetDependency */,
			);
			name = BarberVipTests;
			productName = BarberVipTests;
			productReference = C0A7412327B1953300391CE6 /* BarberVipTests.xctest */;
			productType = "com.apple.product-type.bundle.unit-test";
		};
		C0A7412D27B1953400391CE6 /* BarberVipUITests */ = {
			isa = PBXNativeTarget;
			buildConfigurationList = C0A7413D27B1953400391CE6 /* Build configuration list for PBXNativeTarget "BarberVipUITests" */;
			buildPhases = (
				503F054F85DBBD695138B65E /* [CP] Check Pods Manifest.lock */,
				C0A7412A27B1953400391CE6 /* Sources */,
				C0A7412B27B1953400391CE6 /* Frameworks */,
				C0A7412C27B1953400391CE6 /* Resources */,
			);
			buildRules = (
			);
			dependencies = (
				C0A7413027B1953400391CE6 /* PBXTargetDependency */,
			);
			name = BarberVipUITests;
			productName = BarberVipUITests;
			productReference = C0A7412E27B1953400391CE6 /* BarberVipUITests.xctest */;
			productType = "com.apple.product-type.bundle.ui-testing";
		};
/* End PBXNativeTarget section */

/* Begin PBXProject section */
		C0A7410527B1953000391CE6 /* Project object */ = {
			isa = PBXProject;
			attributes = {
				LastSwiftUpdateCheck = 1240;
				LastUpgradeCheck = 1240;
				TargetAttributes = {
					C0A7410C27B1953000391CE6 = {
						CreatedOnToolsVersion = 12.4;
					};
					C0A7412227B1953300391CE6 = {
						CreatedOnToolsVersion = 12.4;
						TestTargetID = C0A7410C27B1953000391CE6;
					};
					C0A7412D27B1953400391CE6 = {
						CreatedOnToolsVersion = 12.4;
						TestTargetID = C0A7410C27B1953000391CE6;
					};
				};
			};
			buildConfigurationList = C0A7410827B1953000391CE6 /* Build configuration list for PBXProject "BarberVip" */;
			compatibilityVersion = "Xcode 9.3";
			developmentRegion = en;
			hasScannedForEncodings = 0;
			knownRegions = (
				en,
				Base,
			);
			mainGroup = C0A7410427B1953000391CE6;
			productRefGroup = C0A7410E27B1953000391CE6 /* Products */;
			projectDirPath = "";
			projectRoot = "";
			targets = (
				C0A7410C27B1953000391CE6 /* BarberVip */,
				C0A7412227B1953300391CE6 /* BarberVipTests */,
				C0A7412D27B1953400391CE6 /* BarberVipUITests */,
			);
		};
/* End PBXProject section */

/* Begin PBXResourcesBuildPhase section */
		C0A7410B27B1953000391CE6 /* Resources */ = {
			isa = PBXResourcesBuildPhase;
			buildActionMask = 2147483647;
			files = (
				C0A7411D27B1953300391CE6 /* LaunchScreen.storyboard in Resources */,
				C0A7411A27B1953300391CE6 /* Assets.xcassets in Resources */,
			);
			runOnlyForDeploymentPostprocessing = 0;
		};
		C0A7412127B1953300391CE6 /* Resources */ = {
			isa = PBXResourcesBuildPhase;
			buildActionMask = 2147483647;
			files = (
			);
			runOnlyForDeploymentPostprocessing = 0;
		};
		C0A7412C27B1953400391CE6 /* Resources */ = {
			isa = PBXResourcesBuildPhase;
			buildActionMask = 2147483647;
			files = (
			);
			runOnlyForDeploymentPostprocessing = 0;
		};
/* End PBXResourcesBuildPhase section */

/* Begin PBXShellScriptBuildPhase section */
		503F054F85DBBD695138B65E /* [CP] Check Pods Manifest.lock */ = {
			isa = PBXShellScriptBuildPhase;
			buildActionMask = 2147483647;
			files = (
			);
			inputFileListPaths = (
			);
			inputPaths = (
				"${PODS_PODFILE_DIR_PATH}/Podfile.lock",
				"${PODS_ROOT}/Manifest.lock",
			);
			name = "[CP] Check Pods Manifest.lock";
			outputFileListPaths = (
			);
			outputPaths = (
				"$(DERIVED_FILE_DIR)/Pods-BarberVip-BarberVipUITests-checkManifestLockResult.txt",
			);
			runOnlyForDeploymentPostprocessing = 0;
			shellPath = /bin/sh;
			shellScript = "diff \"${PODS_PODFILE_DIR_PATH}/Podfile.lock\" \"${PODS_ROOT}/Manifest.lock\" > /dev/null\nif [ $? != 0 ] ; then\n    # print error to STDERR\n    echo \"error: The sandbox is not in sync with the Podfile.lock. Run 'pod install' or update your CocoaPods installation.\" >&2\n    exit 1\nfi\n# This output is used by Xcode 'outputs' to avoid re-running this script phase.\necho \"SUCCESS\" > \"${SCRIPT_OUTPUT_FILE_0}\"\n";
			showEnvVarsInLog = 0;
		};
		8CBF0AFD8E8553975D9DDF12 /* [CP] Check Pods Manifest.lock */ = {
			isa = PBXShellScriptBuildPhase;
			buildActionMask = 2147483647;
			files = (
			);
			inputFileListPaths = (
			);
			inputPaths = (
				"${PODS_PODFILE_DIR_PATH}/Podfile.lock",
				"${PODS_ROOT}/Manifest.lock",
			);
			name = "[CP] Check Pods Manifest.lock";
			outputFileListPaths = (
			);
			outputPaths = (
				"$(DERIVED_FILE_DIR)/Pods-BarberVip-checkManifestLockResult.txt",
			);
			runOnlyForDeploymentPostprocessing = 0;
			shellPath = /bin/sh;
			shellScript = "diff \"${PODS_PODFILE_DIR_PATH}/Podfile.lock\" \"${PODS_ROOT}/Manifest.lock\" > /dev/null\nif [ $? != 0 ] ; then\n    # print error to STDERR\n    echo \"error: The sandbox is not in sync with the Podfile.lock. Run 'pod install' or update your CocoaPods installation.\" >&2\n    exit 1\nfi\n# This output is used by Xcode 'outputs' to avoid re-running this script phase.\necho \"SUCCESS\" > \"${SCRIPT_OUTPUT_FILE_0}\"\n";
			showEnvVarsInLog = 0;
		};
		F2F726688BF9CA052A84B9DE /* [CP] Check Pods Manifest.lock */ = {
			isa = PBXShellScriptBuildPhase;
			buildActionMask = 2147483647;
			files = (
			);
			inputFileListPaths = (
			);
			inputPaths = (
				"${PODS_PODFILE_DIR_PATH}/Podfile.lock",
				"${PODS_ROOT}/Manifest.lock",
			);
			name = "[CP] Check Pods Manifest.lock";
			outputFileListPaths = (
			);
			outputPaths = (
				"$(DERIVED_FILE_DIR)/Pods-BarberVipTests-checkManifestLockResult.txt",
			);
			runOnlyForDeploymentPostprocessing = 0;
			shellPath = /bin/sh;
			shellScript = "diff \"${PODS_PODFILE_DIR_PATH}/Podfile.lock\" \"${PODS_ROOT}/Manifest.lock\" > /dev/null\nif [ $? != 0 ] ; then\n    # print error to STDERR\n    echo \"error: The sandbox is not in sync with the Podfile.lock. Run 'pod install' or update your CocoaPods installation.\" >&2\n    exit 1\nfi\n# This output is used by Xcode 'outputs' to avoid re-running this script phase.\necho \"SUCCESS\" > \"${SCRIPT_OUTPUT_FILE_0}\"\n";
			showEnvVarsInLog = 0;
		};
/* End PBXShellScriptBuildPhase section */

/* Begin PBXSourcesBuildPhase section */
		C0A7410927B1953000391CE6 /* Sources */ = {
			isa = PBXSourcesBuildPhase;
			buildActionMask = 2147483647;
			files = (
				C0BCE58127B72EF5005805A6 /* UIView+Extensions.swift in Sources */,
				520C66A828A857A90016F167 /* CustomSubmitButton.swift in Sources */,
				C0A741C727B1A8C600391CE6 /* UIView+RawAnchors.swift in Sources */,
				C0A7411127B1953000391CE6 /* AppDelegate.swift in Sources */,
				C0A741E027B1A95700391CE6 /* Padding.swift in Sources */,
				C0A741D127B1A90500391CE6 /* UIView+AxisAttribute.swift in Sources */,
				C0A7416B27B1980300391CE6 /* Coordinator.swift in Sources */,
				C0319C2B27BEEC7000CFCEE0 /* ReportCoordinator.swift in Sources */,
				C0A7417527B1984100391CE6 /* CoordinatedViewController.swift in Sources */,
				C0319C4327BF3B2100CFCEE0 /* ScrollToTopButton.swift in Sources */,
				C0A7419827B19C9F00391CE6 /* HomeView.swift in Sources */,
				C0BCE58727B731C2005805A6 /* IconButton.swift in Sources */,
				C0A7411327B1953000391CE6 /* SceneDelegate.swift in Sources */,
				C0A7416327B197DE00391CE6 /* BaseCoordinator.swift in Sources */,
				C09BB5C527B81AD300C91F48 /* ServiceBarberTableViewCell.swift in Sources */,
				522D901C289A00C40085575A /* LoginCoordinator.swift in Sources */,
				C0A741CC27B1A8E400391CE6 /* UIView+SafeAreaAnchors.swift in Sources */,
				C0A741A127B19CD700391CE6 /* ViewCodeContract.swift in Sources */,
				C0319C2627BEEC4600CFCEE0 /* ReportViewController.swift in Sources */,
				C0BCE57127B6EA49005805A6 /* UIColor+Extensions.swift in Sources */,
				520C66AA28A862A20016F167 /* CustomTextField.swift in Sources */,
				C0A741BF27B1A8A800391CE6 /* UIView+LayoutGuides.swift in Sources */,
				C0A741DB27B1A93E00391CE6 /* NSLayoutDimension+Extension.swift in Sources */,
				C0A7418927B198D900391CE6 /* HomeCoordinator.swift in Sources */,
				C0319C3827BF229600CFCEE0 /* ReportDailyCoordinator.swift in Sources */,
				C0319C3327BF226300CFCEE0 /* ReportDailyViewController.swift in Sources */,
				C0A7418427B1989900391CE6 /* HomeViewController.swift in Sources */,
				C0A741D627B1A92500391CE6 /* AutoLayoutOption.swift in Sources */,
				C0319C2127BEE83500CFCEE0 /* ReportView.swift in Sources */,
				C0A7417027B1981E00391CE6 /* CoordinatorConfiguration.swift in Sources */,
				520C66A628A850270016F167 /* UITextField+Extensions.swift in Sources */,
				C0A741A727B1A4FE00391CE6 /* ActionTypealias.swift in Sources */,
				C09BB5C027B7EB6100C91F48 /* BarberNavBar.swift in Sources */,
				522D9021289A00E00085575A /* LoginViewController.swift in Sources */,
				522D9020289A00E00085575A /* LoginView.swift in Sources */,
				C0A7418F27B199B500391CE6 /* Bindable.swift in Sources */,
				C0BCE58F27B747E2005805A6 /* Icon.swift in Sources */,
			);
			runOnlyForDeploymentPostprocessing = 0;
		};
		C0A7411F27B1953300391CE6 /* Sources */ = {
			isa = PBXSourcesBuildPhase;
			buildActionMask = 2147483647;
			files = (
				C0A7412827B1953400391CE6 /* BarberVipTests.swift in Sources */,
			);
			runOnlyForDeploymentPostprocessing = 0;
		};
		C0A7412A27B1953400391CE6 /* Sources */ = {
			isa = PBXSourcesBuildPhase;
			buildActionMask = 2147483647;
			files = (
				C0A7413327B1953400391CE6 /* BarberVipUITests.swift in Sources */,
			);
			runOnlyForDeploymentPostprocessing = 0;
		};
/* End PBXSourcesBuildPhase section */

/* Begin PBXTargetDependency section */
		C0A7412527B1953300391CE6 /* PBXTargetDependency */ = {
			isa = PBXTargetDependency;
			target = C0A7410C27B1953000391CE6 /* BarberVip */;
			targetProxy = C0A7412427B1953300391CE6 /* PBXContainerItemProxy */;
		};
		C0A7413027B1953400391CE6 /* PBXTargetDependency */ = {
			isa = PBXTargetDependency;
			target = C0A7410C27B1953000391CE6 /* BarberVip */;
			targetProxy = C0A7412F27B1953400391CE6 /* PBXContainerItemProxy */;
		};
/* End PBXTargetDependency section */

/* Begin PBXVariantGroup section */
		C0A7411B27B1953300391CE6 /* LaunchScreen.storyboard */ = {
			isa = PBXVariantGroup;
			children = (
				C0A7411C27B1953300391CE6 /* Base */,
			);
			name = LaunchScreen.storyboard;
			sourceTree = "<group>";
		};
/* End PBXVariantGroup section */

/* Begin XCBuildConfiguration section */
		C0A7413527B1953400391CE6 /* Debug */ = {
			isa = XCBuildConfiguration;
			buildSettings = {
				ALWAYS_SEARCH_USER_PATHS = NO;
				CLANG_ANALYZER_NONNULL = YES;
				CLANG_ANALYZER_NUMBER_OBJECT_CONVERSION = YES_AGGRESSIVE;
				CLANG_CXX_LANGUAGE_STANDARD = "gnu++14";
				CLANG_CXX_LIBRARY = "libc++";
				CLANG_ENABLE_MODULES = YES;
				CLANG_ENABLE_OBJC_ARC = YES;
				CLANG_ENABLE_OBJC_WEAK = YES;
				CLANG_WARN_BLOCK_CAPTURE_AUTORELEASING = YES;
				CLANG_WARN_BOOL_CONVERSION = YES;
				CLANG_WARN_COMMA = YES;
				CLANG_WARN_CONSTANT_CONVERSION = YES;
				CLANG_WARN_DEPRECATED_OBJC_IMPLEMENTATIONS = YES;
				CLANG_WARN_DIRECT_OBJC_ISA_USAGE = YES_ERROR;
				CLANG_WARN_DOCUMENTATION_COMMENTS = YES;
				CLANG_WARN_EMPTY_BODY = YES;
				CLANG_WARN_ENUM_CONVERSION = YES;
				CLANG_WARN_INFINITE_RECURSION = YES;
				CLANG_WARN_INT_CONVERSION = YES;
				CLANG_WARN_NON_LITERAL_NULL_CONVERSION = YES;
				CLANG_WARN_OBJC_IMPLICIT_RETAIN_SELF = YES;
				CLANG_WARN_OBJC_LITERAL_CONVERSION = YES;
				CLANG_WARN_OBJC_ROOT_CLASS = YES_ERROR;
				CLANG_WARN_QUOTED_INCLUDE_IN_FRAMEWORK_HEADER = YES;
				CLANG_WARN_RANGE_LOOP_ANALYSIS = YES;
				CLANG_WARN_STRICT_PROTOTYPES = YES;
				CLANG_WARN_SUSPICIOUS_MOVE = YES;
				CLANG_WARN_UNGUARDED_AVAILABILITY = YES_AGGRESSIVE;
				CLANG_WARN_UNREACHABLE_CODE = YES;
				CLANG_WARN__DUPLICATE_METHOD_MATCH = YES;
				COPY_PHASE_STRIP = NO;
				DEBUG_INFORMATION_FORMAT = dwarf;
				ENABLE_STRICT_OBJC_MSGSEND = YES;
				ENABLE_TESTABILITY = YES;
				GCC_C_LANGUAGE_STANDARD = gnu11;
				GCC_DYNAMIC_NO_PIC = NO;
				GCC_NO_COMMON_BLOCKS = YES;
				GCC_OPTIMIZATION_LEVEL = 0;
				GCC_PREPROCESSOR_DEFINITIONS = (
					"DEBUG=1",
					"$(inherited)",
				);
				GCC_WARN_64_TO_32_BIT_CONVERSION = YES;
				GCC_WARN_ABOUT_RETURN_TYPE = YES_ERROR;
				GCC_WARN_UNDECLARED_SELECTOR = YES;
				GCC_WARN_UNINITIALIZED_AUTOS = YES_AGGRESSIVE;
				GCC_WARN_UNUSED_FUNCTION = YES;
				GCC_WARN_UNUSED_VARIABLE = YES;
				IPHONEOS_DEPLOYMENT_TARGET = 13.0;
				MTL_ENABLE_DEBUG_INFO = INCLUDE_SOURCE;
				MTL_FAST_MATH = YES;
				ONLY_ACTIVE_ARCH = YES;
				SDKROOT = iphoneos;
				SWIFT_ACTIVE_COMPILATION_CONDITIONS = DEBUG;
				SWIFT_OPTIMIZATION_LEVEL = "-Onone";
			};
			name = Debug;
		};
		C0A7413627B1953400391CE6 /* Release */ = {
			isa = XCBuildConfiguration;
			buildSettings = {
				ALWAYS_SEARCH_USER_PATHS = NO;
				CLANG_ANALYZER_NONNULL = YES;
				CLANG_ANALYZER_NUMBER_OBJECT_CONVERSION = YES_AGGRESSIVE;
				CLANG_CXX_LANGUAGE_STANDARD = "gnu++14";
				CLANG_CXX_LIBRARY = "libc++";
				CLANG_ENABLE_MODULES = YES;
				CLANG_ENABLE_OBJC_ARC = YES;
				CLANG_ENABLE_OBJC_WEAK = YES;
				CLANG_WARN_BLOCK_CAPTURE_AUTORELEASING = YES;
				CLANG_WARN_BOOL_CONVERSION = YES;
				CLANG_WARN_COMMA = YES;
				CLANG_WARN_CONSTANT_CONVERSION = YES;
				CLANG_WARN_DEPRECATED_OBJC_IMPLEMENTATIONS = YES;
				CLANG_WARN_DIRECT_OBJC_ISA_USAGE = YES_ERROR;
				CLANG_WARN_DOCUMENTATION_COMMENTS = YES;
				CLANG_WARN_EMPTY_BODY = YES;
				CLANG_WARN_ENUM_CONVERSION = YES;
				CLANG_WARN_INFINITE_RECURSION = YES;
				CLANG_WARN_INT_CONVERSION = YES;
				CLANG_WARN_NON_LITERAL_NULL_CONVERSION = YES;
				CLANG_WARN_OBJC_IMPLICIT_RETAIN_SELF = YES;
				CLANG_WARN_OBJC_LITERAL_CONVERSION = YES;
				CLANG_WARN_OBJC_ROOT_CLASS = YES_ERROR;
				CLANG_WARN_QUOTED_INCLUDE_IN_FRAMEWORK_HEADER = YES;
				CLANG_WARN_RANGE_LOOP_ANALYSIS = YES;
				CLANG_WARN_STRICT_PROTOTYPES = YES;
				CLANG_WARN_SUSPICIOUS_MOVE = YES;
				CLANG_WARN_UNGUARDED_AVAILABILITY = YES_AGGRESSIVE;
				CLANG_WARN_UNREACHABLE_CODE = YES;
				CLANG_WARN__DUPLICATE_METHOD_MATCH = YES;
				COPY_PHASE_STRIP = NO;
				DEBUG_INFORMATION_FORMAT = "dwarf-with-dsym";
				ENABLE_NS_ASSERTIONS = NO;
				ENABLE_STRICT_OBJC_MSGSEND = YES;
				GCC_C_LANGUAGE_STANDARD = gnu11;
				GCC_NO_COMMON_BLOCKS = YES;
				GCC_WARN_64_TO_32_BIT_CONVERSION = YES;
				GCC_WARN_ABOUT_RETURN_TYPE = YES_ERROR;
				GCC_WARN_UNDECLARED_SELECTOR = YES;
				GCC_WARN_UNINITIALIZED_AUTOS = YES_AGGRESSIVE;
				GCC_WARN_UNUSED_FUNCTION = YES;
				GCC_WARN_UNUSED_VARIABLE = YES;
				IPHONEOS_DEPLOYMENT_TARGET = 13.0;
				MTL_ENABLE_DEBUG_INFO = NO;
				MTL_FAST_MATH = YES;
				SDKROOT = iphoneos;
				SWIFT_COMPILATION_MODE = wholemodule;
				SWIFT_OPTIMIZATION_LEVEL = "-O";
				VALIDATE_PRODUCT = YES;
			};
			name = Release;
		};
		C0A7413827B1953400391CE6 /* Debug */ = {
			isa = XCBuildConfiguration;
			baseConfigurationReference = BFBDFE8555763F7AEF72B9BE /* Pods-BarberVip.debug.xcconfig */;
			buildSettings = {
				ASSETCATALOG_COMPILER_APPICON_NAME = AppIcon;
				ASSETCATALOG_COMPILER_GLOBAL_ACCENT_COLOR_NAME = AccentColor;
				CODE_SIGN_STYLE = Automatic;
				INFOPLIST_FILE = BarberVip/Info.plist;
				LD_RUNPATH_SEARCH_PATHS = (
					"$(inherited)",
					"@executable_path/Frameworks",
				);
				PRODUCT_BUNDLE_IDENTIFIER = com.app..BarberVip;
				PRODUCT_NAME = "$(TARGET_NAME)";
				SWIFT_VERSION = 5.0;
				TARGETED_DEVICE_FAMILY = "1,2";
			};
			name = Debug;
		};
		C0A7413927B1953400391CE6 /* Release */ = {
			isa = XCBuildConfiguration;
			baseConfigurationReference = DC47428406BE70C901F989E8 /* Pods-BarberVip.release.xcconfig */;
			buildSettings = {
				ASSETCATALOG_COMPILER_APPICON_NAME = AppIcon;
				ASSETCATALOG_COMPILER_GLOBAL_ACCENT_COLOR_NAME = AccentColor;
				CODE_SIGN_STYLE = Automatic;
				INFOPLIST_FILE = BarberVip/Info.plist;
				LD_RUNPATH_SEARCH_PATHS = (
					"$(inherited)",
					"@executable_path/Frameworks",
				);
				PRODUCT_BUNDLE_IDENTIFIER = com.app..BarberVip;
				PRODUCT_NAME = "$(TARGET_NAME)";
				SWIFT_VERSION = 5.0;
				TARGETED_DEVICE_FAMILY = "1,2";
			};
			name = Release;
		};
		C0A7413B27B1953400391CE6 /* Debug */ = {
			isa = XCBuildConfiguration;
			baseConfigurationReference = F05890684EE76FDB98729E18 /* Pods-BarberVipTests.debug.xcconfig */;
			buildSettings = {
				ALWAYS_EMBED_SWIFT_STANDARD_LIBRARIES = YES;
				BUNDLE_LOADER = "$(TEST_HOST)";
				CODE_SIGN_STYLE = Automatic;
				INFOPLIST_FILE = BarberVipTests/Info.plist;
				IPHONEOS_DEPLOYMENT_TARGET = 14.4;
				LD_RUNPATH_SEARCH_PATHS = (
					"$(inherited)",
					"@executable_path/Frameworks",
					"@loader_path/Frameworks",
				);
				PRODUCT_BUNDLE_IDENTIFIER = com.app..BarberVipTests;
				PRODUCT_NAME = "$(TARGET_NAME)";
				SWIFT_VERSION = 5.0;
				TARGETED_DEVICE_FAMILY = "1,2";
				TEST_HOST = "$(BUILT_PRODUCTS_DIR)/BarberVip.app/BarberVip";
			};
			name = Debug;
		};
		C0A7413C27B1953400391CE6 /* Release */ = {
			isa = XCBuildConfiguration;
			baseConfigurationReference = E60179A7D313D54E7AC3CC8C /* Pods-BarberVipTests.release.xcconfig */;
			buildSettings = {
				ALWAYS_EMBED_SWIFT_STANDARD_LIBRARIES = YES;
				BUNDLE_LOADER = "$(TEST_HOST)";
				CODE_SIGN_STYLE = Automatic;
				INFOPLIST_FILE = BarberVipTests/Info.plist;
				IPHONEOS_DEPLOYMENT_TARGET = 14.4;
				LD_RUNPATH_SEARCH_PATHS = (
					"$(inherited)",
					"@executable_path/Frameworks",
					"@loader_path/Frameworks",
				);
				PRODUCT_BUNDLE_IDENTIFIER = com.app..BarberVipTests;
				PRODUCT_NAME = "$(TARGET_NAME)";
				SWIFT_VERSION = 5.0;
				TARGETED_DEVICE_FAMILY = "1,2";
				TEST_HOST = "$(BUILT_PRODUCTS_DIR)/BarberVip.app/BarberVip";
			};
			name = Release;
		};
		C0A7413E27B1953400391CE6 /* Debug */ = {
			isa = XCBuildConfiguration;
			baseConfigurationReference = 114D0EC1AB5EEE04CE7BCA8C /* Pods-BarberVip-BarberVipUITests.debug.xcconfig */;
			buildSettings = {
				ALWAYS_EMBED_SWIFT_STANDARD_LIBRARIES = YES;
				CODE_SIGN_STYLE = Automatic;
				INFOPLIST_FILE = BarberVipUITests/Info.plist;
				LD_RUNPATH_SEARCH_PATHS = (
					"$(inherited)",
					"@executable_path/Frameworks",
					"@loader_path/Frameworks",
				);
				PRODUCT_BUNDLE_IDENTIFIER = com.app..BarberVipUITests;
				PRODUCT_NAME = "$(TARGET_NAME)";
				SWIFT_VERSION = 5.0;
				TARGETED_DEVICE_FAMILY = "1,2";
				TEST_TARGET_NAME = BarberVip;
			};
			name = Debug;
		};
		C0A7413F27B1953400391CE6 /* Release */ = {
			isa = XCBuildConfiguration;
			baseConfigurationReference = FCF12B4CFC6E23D786CAA542 /* Pods-BarberVip-BarberVipUITests.release.xcconfig */;
			buildSettings = {
				ALWAYS_EMBED_SWIFT_STANDARD_LIBRARIES = YES;
				CODE_SIGN_STYLE = Automatic;
				INFOPLIST_FILE = BarberVipUITests/Info.plist;
				LD_RUNPATH_SEARCH_PATHS = (
					"$(inherited)",
					"@executable_path/Frameworks",
					"@loader_path/Frameworks",
				);
				PRODUCT_BUNDLE_IDENTIFIER = com.app..BarberVipUITests;
				PRODUCT_NAME = "$(TARGET_NAME)";
				SWIFT_VERSION = 5.0;
				TARGETED_DEVICE_FAMILY = "1,2";
				TEST_TARGET_NAME = BarberVip;
			};
			name = Release;
		};
/* End XCBuildConfiguration section */

/* Begin XCConfigurationList section */
		C0A7410827B1953000391CE6 /* Build configuration list for PBXProject "BarberVip" */ = {
			isa = XCConfigurationList;
			buildConfigurations = (
				C0A7413527B1953400391CE6 /* Debug */,
				C0A7413627B1953400391CE6 /* Release */,
			);
			defaultConfigurationIsVisible = 0;
			defaultConfigurationName = Release;
		};
		C0A7413727B1953400391CE6 /* Build configuration list for PBXNativeTarget "BarberVip" */ = {
			isa = XCConfigurationList;
			buildConfigurations = (
				C0A7413827B1953400391CE6 /* Debug */,
				C0A7413927B1953400391CE6 /* Release */,
			);
			defaultConfigurationIsVisible = 0;
			defaultConfigurationName = Release;
		};
		C0A7413A27B1953400391CE6 /* Build configuration list for PBXNativeTarget "BarberVipTests" */ = {
			isa = XCConfigurationList;
			buildConfigurations = (
				C0A7413B27B1953400391CE6 /* Debug */,
				C0A7413C27B1953400391CE6 /* Release */,
			);
			defaultConfigurationIsVisible = 0;
			defaultConfigurationName = Release;
		};
		C0A7413D27B1953400391CE6 /* Build configuration list for PBXNativeTarget "BarberVipUITests" */ = {
			isa = XCConfigurationList;
			buildConfigurations = (
				C0A7413E27B1953400391CE6 /* Debug */,
				C0A7413F27B1953400391CE6 /* Release */,
			);
			defaultConfigurationIsVisible = 0;
			defaultConfigurationName = Release;
		};
/* End XCConfigurationList section */
	};
	rootObject = C0A7410527B1953000391CE6 /* Project object */;
}
